
Microsoft Visual Studio Solution File, Format Version 12.00
# Visual Studio Version 17
VisualStudioVersion = 17.11.35208.52
MinimumVisualStudioVersion = 10.0.40219.1
Project("{8BC9CEB8-8B4A-11D0-8D11-00A0C91BC942}") = "day02_part1", "day02_part1\day02_part1.vcxproj", "{FBB89706-CFE9-4F2E-89D1-653496C20DD7}"
EndProject
Project("{8BC9CEB8-8B4A-11D0-8D11-00A0C91BC942}") = "day03", "day03\day03.vcxproj", "{36E2DB72-9DB0-44E7-902E-CDB50A2FB2E4}"
EndProject
Project("{8BC9CEB8-8B4A-11D0-8D11-00A0C91BC942}") = "day04", "day04\day04.vcxproj", "{BFC88FC1-9544-4AC5-86E0-B25E7709F5D8}"
EndProject
Project("{8BC9CEB8-8B4A-11D0-8D11-00A0C91BC942}") = "day05", "day05\day05.vcxproj", "{AE9865B5-9ACF-484B-A650-62006010EECE}"
EndProject
Project("{8BC9CEB8-8B4A-11D0-8D11-00A0C91BC942}") = "day06", "day06\day06.vcxproj", "{E3F4D80F-E400-4731-8EC3-0BB5241BE14E}"
EndProject
Project("{8BC9CEB8-8B4A-11D0-8D11-00A0C91BC942}") = "day07", "day07\day07.vcxproj", "{D454AD3C-6C2E-4180-B98E-1AC104E92287}"
EndProject
Global
	GlobalSection(SolutionConfigurationPlatforms) = preSolution
		Debug|x64 = Debug|x64
		Debug|x86 = Debug|x86
		Release|x64 = Release|x64
		Release|x86 = Release|x86
	EndGlobalSection
	GlobalSection(ProjectConfigurationPlatforms) = postSolution
		{FBB89706-CFE9-4F2E-89D1-653496C20DD7}.Debug|x64.ActiveCfg = Debug|x64
		{FBB89706-CFE9-4F2E-89D1-653496C20DD7}.Debug|x64.Build.0 = Debug|x64
		{FBB89706-CFE9-4F2E-89D1-653496C20DD7}.Debug|x86.ActiveCfg = Debug|Win32
		{FBB89706-CFE9-4F2E-89D1-653496C20DD7}.Debug|x86.Build.0 = Debug|Win32
		{FBB89706-CFE9-4F2E-89D1-653496C20DD7}.Release|x64.ActiveCfg = Release|x64
		{FBB89706-CFE9-4F2E-89D1-653496C20DD7}.Release|x64.Build.0 = Release|x64
		{FBB89706-CFE9-4F2E-89D1-653496C20DD7}.Release|x86.ActiveCfg = Release|Win32
		{FBB89706-CFE9-4F2E-89D1-653496C20DD7}.Release|x86.Build.0 = Release|Win32
		{36E2DB72-9DB0-44E7-902E-CDB50A2FB2E4}.Debug|x64.ActiveCfg = Debug|x64
		{36E2DB72-9DB0-44E7-902E-CDB50A2FB2E4}.Debug|x64.Build.0 = Debug|x64
		{36E2DB72-9DB0-44E7-902E-CDB50A2FB2E4}.Debug|x86.ActiveCfg = Debug|Win32
		{36E2DB72-9DB0-44E7-902E-CDB50A2FB2E4}.Debug|x86.Build.0 = Debug|Win32
		{36E2DB72-9DB0-44E7-902E-CDB50A2FB2E4}.Release|x64.ActiveCfg = Release|x64
		{36E2DB72-9DB0-44E7-902E-CDB50A2FB2E4}.Release|x64.Build.0 = Release|x64
		{36E2DB72-9DB0-44E7-902E-CDB50A2FB2E4}.Release|x86.ActiveCfg = Release|Win32
		{36E2DB72-9DB0-44E7-902E-CDB50A2FB2E4}.Release|x86.Build.0 = Release|Win32
		{BFC88FC1-9544-4AC5-86E0-B25E7709F5D8}.Debug|x64.ActiveCfg = Debug|x64
		{BFC88FC1-9544-4AC5-86E0-B25E7709F5D8}.Debug|x64.Build.0 = Debug|x64
		{BFC88FC1-9544-4AC5-86E0-B25E7709F5D8}.Debug|x86.ActiveCfg = Debug|Win32
		{BFC88FC1-9544-4AC5-86E0-B25E7709F5D8}.Debug|x86.Build.0 = Debug|Win32
		{BFC88FC1-9544-4AC5-86E0-B25E7709F5D8}.Release|x64.ActiveCfg = Release|x64
		{BFC88FC1-9544-4AC5-86E0-B25E7709F5D8}.Release|x64.Build.0 = Release|x64
		{BFC88FC1-9544-4AC5-86E0-B25E7709F5D8}.Release|x86.ActiveCfg = Release|Win32
		{BFC88FC1-9544-4AC5-86E0-B25E7709F5D8}.Release|x86.Build.0 = Release|Win32
		{AE9865B5-9ACF-484B-A650-62006010EECE}.Debug|x64.ActiveCfg = Debug|x64
		{AE9865B5-9ACF-484B-A650-62006010EECE}.Debug|x64.Build.0 = Debug|x64
		{AE9865B5-9ACF-484B-A650-62006010EECE}.Debug|x86.ActiveCfg = Debug|Win32
		{AE9865B5-9ACF-484B-A650-62006010EECE}.Debug|x86.Build.0 = Debug|Win32
		{AE9865B5-9ACF-484B-A650-62006010EECE}.Release|x64.ActiveCfg = Release|x64
		{AE9865B5-9ACF-484B-A650-62006010EECE}.Release|x64.Build.0 = Release|x64
		{AE9865B5-9ACF-484B-A650-62006010EECE}.Release|x86.ActiveCfg = Release|Win32
		{AE9865B5-9ACF-484B-A650-62006010EECE}.Release|x86.Build.0 = Release|Win32
		{E3F4D80F-E400-4731-8EC3-0BB5241BE14E}.Debug|x64.ActiveCfg = Debug|x64
		{E3F4D80F-E400-4731-8EC3-0BB5241BE14E}.Debug|x64.Build.0 = Debug|x64
		{E3F4D80F-E400-4731-8EC3-0BB5241BE14E}.Debug|x86.ActiveCfg = Debug|Win32
		{E3F4D80F-E400-4731-8EC3-0BB5241BE14E}.Debug|x86.Build.0 = Debug|Win32
		{E3F4D80F-E400-4731-8EC3-0BB5241BE14E}.Release|x64.ActiveCfg = Release|x64
		{E3F4D80F-E400-4731-8EC3-0BB5241BE14E}.Release|x64.Build.0 = Release|x64
		{E3F4D80F-E400-4731-8EC3-0BB5241BE14E}.Release|x86.ActiveCfg = Release|Win32
		{E3F4D80F-E400-4731-8EC3-0BB5241BE14E}.Release|x86.Build.0 = Release|Win32
		{D454AD3C-6C2E-4180-B98E-1AC104E92287}.Debug|x64.ActiveCfg = Debug|x64
		{D454AD3C-6C2E-4180-B98E-1AC104E92287}.Debug|x64.Build.0 = Debug|x64
		{D454AD3C-6C2E-4180-B98E-1AC104E92287}.Debug|x86.ActiveCfg = Debug|Win32
		{D454AD3C-6C2E-4180-B98E-1AC104E92287}.Debug|x86.Build.0 = Debug|Win32
		{D454AD3C-6C2E-4180-B98E-1AC104E92287}.Release|x64.ActiveCfg = Release|x64
		{D454AD3C-6C2E-4180-B98E-1AC104E92287}.Release|x64.Build.0 = Release|x64
		{D454AD3C-6C2E-4180-B98E-1AC104E92287}.Release|x86.ActiveCfg = Release|Win32
		{D454AD3C-6C2E-4180-B98E-1AC104E92287}.Release|x86.Build.0 = Release|Win32
	EndGlobalSection
	GlobalSection(SolutionProperties) = preSolution
		HideSolutionNode = FALSE
	EndGlobalSection
	GlobalSection(ExtensibilityGlobals) = postSolution
		SolutionGuid = {18BB40D2-7888-481D-9B2D-5612D7533978}
	EndGlobalSection
EndGlobal
